
Microsoft Visual Studio Solution File, Format Version 12.00
# Visual Studio Version 17
VisualStudioVersion = 17.12.35707.178
MinimumVisualStudioVersion = 10.0.40219.1
Project("{FAE04EC0-301F-11D3-BF4B-00C04F79EFBC}") = "Data", "Data\Data.csproj", "{7468612F-554A-4C21-9E48-328856882170}"
EndProject
Project("{FAE04EC0-301F-11D3-BF4B-00C04F79EFBC}") = "Business", "Business\Business.csproj", "{684ECB06-19A7-4CDC-B950-611CF9D62B95}"
EndProject
Project("{FAE04EC0-301F-11D3-BF4B-00C04F79EFBC}") = "DataStorageApi", "DataStorageApi\DataStorageApi.csproj", "{98929F33-EEC7-44CC-A2EF-A0210F9BA703}"
EndProject
Project("{FAE04EC0-301F-11D3-BF4B-00C04F79EFBC}") = "Pressentation_WebApp", "Pressentation_WebApp\Pressentation_WebApp.csproj", "{1CA29654-5F3F-4A7F-9947-5203727EEA0F}"
EndProject
Global
	GlobalSection(SolutionConfigurationPlatforms) = preSolution
		Debug|Any CPU = Debug|Any CPU
		Release|Any CPU = Release|Any CPU
	EndGlobalSection
	GlobalSection(ProjectConfigurationPlatforms) = postSolution
		{7468612F-554A-4C21-9E48-328856882170}.Debug|Any CPU.ActiveCfg = Debug|Any CPU
		{7468612F-554A-4C21-9E48-328856882170}.Debug|Any CPU.Build.0 = Debug|Any CPU
		{7468612F-554A-4C21-9E48-328856882170}.Release|Any CPU.ActiveCfg = Release|Any CPU
		{7468612F-554A-4C21-9E48-328856882170}.Release|Any CPU.Build.0 = Release|Any CPU
		{684ECB06-19A7-4CDC-B950-611CF9D62B95}.Debug|Any CPU.ActiveCfg = Debug|Any CPU
		{684ECB06-19A7-4CDC-B950-611CF9D62B95}.Debug|Any CPU.Build.0 = Debug|Any CPU
		{684ECB06-19A7-4CDC-B950-611CF9D62B95}.Release|Any CPU.ActiveCfg = Release|Any CPU
		{684ECB06-19A7-4CDC-B950-611CF9D62B95}.Release|Any CPU.Build.0 = Release|Any CPU
		{98929F33-EEC7-44CC-A2EF-A0210F9BA703}.Debug|Any CPU.ActiveCfg = Debug|Any CPU
		{98929F33-EEC7-44CC-A2EF-A0210F9BA703}.Debug|Any CPU.Build.0 = Debug|Any CPU
		{98929F33-EEC7-44CC-A2EF-A0210F9BA703}.Release|Any CPU.ActiveCfg = Release|Any CPU
		{98929F33-EEC7-44CC-A2EF-A0210F9BA703}.Release|Any CPU.Build.0 = Release|Any CPU
		{1CA29654-5F3F-4A7F-9947-5203727EEA0F}.Debug|Any CPU.ActiveCfg = Debug|Any CPU
		{1CA29654-5F3F-4A7F-9947-5203727EEA0F}.Debug|Any CPU.Build.0 = Debug|Any CPU
		{1CA29654-5F3F-4A7F-9947-5203727EEA0F}.Release|Any CPU.ActiveCfg = Release|Any CPU
		{1CA29654-5F3F-4A7F-9947-5203727EEA0F}.Release|Any CPU.Build.0 = Release|Any CPU
	EndGlobalSection
	GlobalSection(SolutionProperties) = preSolution
		HideSolutionNode = FALSE
	EndGlobalSection
	GlobalSection(ExtensibilityGlobals) = postSolution
		SolutionGuid = {E99C3AD6-A38C-459F-B102-9DEE90397EF5}
	EndGlobalSection
EndGlobal
